
Microsoft Visual Studio Solution File, Format Version 12.00
# Visual Studio Version 17
VisualStudioVersion = 17.4.33213.308
MinimumVisualStudioVersion = 10.0.40219.1
Project("{FAE04EC0-301F-11D3-BF4B-00C04F79EFBC}") = "Supermarket Management System", "Supermarket Management System\Supermarket Management System.csproj", "{7C0E8697-DF2D-4EC6-98EA-8982F8DBECD9}"
EndProject
Global
	GlobalSection(SolutionConfigurationPlatforms) = preSolution
		Debug|Any CPU = Debug|Any CPU
		Release|Any CPU = Release|Any CPU
	EndGlobalSection
	GlobalSection(ProjectConfigurationPlatforms) = postSolution
		{7C0E8697-DF2D-4EC6-98EA-8982F8DBECD9}.Debug|Any CPU.ActiveCfg = Debug|Any CPU
		{7C0E8697-DF2D-4EC6-98EA-8982F8DBECD9}.Debug|Any CPU.Build.0 = Debug|Any CPU
		{7C0E8697-DF2D-4EC6-98EA-8982F8DBECD9}.Release|Any CPU.ActiveCfg = Release|Any CPU
		{7C0E8697-DF2D-4EC6-98EA-8982F8DBECD9}.Release|Any CPU.Build.0 = Release|Any CPU
	EndGlobalSection
	GlobalSection(SolutionProperties) = preSolution
		HideSolutionNode = FALSE
	EndGlobalSection
	GlobalSection(ExtensibilityGlobals) = postSolution
		SolutionGuid = {664B8E89-6362-42E5-81C9-6BC1D12A8015}
	EndGlobalSection
EndGlobal
